Microsoft Visual Studio Solution File, Format Version 12.00
# Visual Studio Version 17
VisualStudioVersion = 17.5.2.0
MinimumVisualStudioVersion = 10.0.40219.1
Project("{FAE04EC0-301F-11D3-BF4B-00C04F79EFBC}") = "TrainerApi", "TrainerApi.csproj", "{22B65541-A93E-3E77-8756-608E3E6CA2FD}"
EndProject
Global
	GlobalSection(SolutionConfigurationPlatforms) = preSolution
		Debug|Any CPU = Debug|Any CPU
		Release|Any CPU = Release|Any CPU
	EndGlobalSection
	GlobalSection(ProjectConfigurationPlatforms) = postSolution
		{22B65541-A93E-3E77-8756-608E3E6CA2FD}.Debug|Any CPU.ActiveCfg = Debug|Any CPU
		{22B65541-A93E-3E77-8756-608E3E6CA2FD}.Debug|Any CPU.Build.0 = Debug|Any CPU
		{22B65541-A93E-3E77-8756-608E3E6CA2FD}.Release|Any CPU.ActiveCfg = Release|Any CPU
		{22B65541-A93E-3E77-8756-608E3E6CA2FD}.Release|Any CPU.Build.0 = Release|Any CPU
	EndGlobalSection
	GlobalSection(SolutionProperties) = preSolution
		HideSolutionNode = FALSE
	EndGlobalSection
	GlobalSection(ExtensibilityGlobals) = postSolution
		SolutionGuid = {BE75305E-E226-433B-8A0E-DF529FA56C01}
	EndGlobalSection
EndGlobal
