Microsoft Visual Studio Solution File, Format Version 12.00
# Visual Studio Version 17
VisualStudioVersion = 17.5.2.0
MinimumVisualStudioVersion = 10.0.40219.1
Project("{FAE04EC0-301F-11D3-BF4B-00C04F79EFBC}") = "CodexApi", "CodexApi.csproj", "{121E520C-ADC3-EBD7-BEF3-98D1795D2203}"
EndProject
Global
	GlobalSection(SolutionConfigurationPlatforms) = preSolution
		Debug|Any CPU = Debug|Any CPU
		Release|Any CPU = Release|Any CPU
	EndGlobalSection
	GlobalSection(ProjectConfigurationPlatforms) = postSolution
		{121E520C-ADC3-EBD7-BEF3-98D1795D2203}.Debug|Any CPU.ActiveCfg = Debug|Any CPU
		{121E520C-ADC3-EBD7-BEF3-98D1795D2203}.Debug|Any CPU.Build.0 = Debug|Any CPU
		{121E520C-ADC3-EBD7-BEF3-98D1795D2203}.Release|Any CPU.ActiveCfg = Release|Any CPU
		{121E520C-ADC3-EBD7-BEF3-98D1795D2203}.Release|Any CPU.Build.0 = Release|Any CPU
	EndGlobalSection
	GlobalSection(SolutionProperties) = preSolution
		HideSolutionNode = FALSE
	EndGlobalSection
	GlobalSection(ExtensibilityGlobals) = postSolution
		SolutionGuid = {4EE0F427-F866-4749-B7B0-99A86E24BC2B}
	EndGlobalSection
EndGlobal
