Microsoft Visual Studio Solution File, Format Version 12.00
# Visual Studio Version 17
VisualStudioVersion = 17.5.2.0
MinimumVisualStudioVersion = 10.0.40219.1
Project("{FAE04EC0-301F-11D3-BF4B-00C04F79EFBC}") = "WarframeApi", "WarframeApi.csproj", "{D5617875-BDB4-5F54-6506-F6E3E880C4AD}"
EndProject
Global
	GlobalSection(SolutionConfigurationPlatforms) = preSolution
		Debug|Any CPU = Debug|Any CPU
		Release|Any CPU = Release|Any CPU
	EndGlobalSection
	GlobalSection(ProjectConfigurationPlatforms) = postSolution
		{D5617875-BDB4-5F54-6506-F6E3E880C4AD}.Debug|Any CPU.ActiveCfg = Debug|Any CPU
		{D5617875-BDB4-5F54-6506-F6E3E880C4AD}.Debug|Any CPU.Build.0 = Debug|Any CPU
		{D5617875-BDB4-5F54-6506-F6E3E880C4AD}.Release|Any CPU.ActiveCfg = Release|Any CPU
		{D5617875-BDB4-5F54-6506-F6E3E880C4AD}.Release|Any CPU.Build.0 = Release|Any CPU
	EndGlobalSection
	GlobalSection(SolutionProperties) = preSolution
		HideSolutionNode = FALSE
	EndGlobalSection
	GlobalSection(ExtensibilityGlobals) = postSolution
		SolutionGuid = {063BE26F-CD4E-4006-9555-80FC5CFCC774}
	EndGlobalSection
EndGlobal
